
Microsoft Visual Studio Solution File, Format Version 12.00
# Visual Studio 15
VisualStudioVersion = 15.0.28010.2046
MinimumVisualStudioVersion = 10.0.40219.1
Project("{9A19103F-16F7-4668-BE54-9A1E7A4F7556}") = "BlogClustering.Lib", "BlogClustering.Lib\BlogClustering.Lib.csproj", "{92588150-65F7-441B-B2EC-B6AF34B2C770}"
EndProject
Project("{9A19103F-16F7-4668-BE54-9A1E7A4F7556}") = "BlogClustering.WebApp", "BlogClustering.WebApp\BlogClustering.WebApp.csproj", "{AA5CB68B-6472-43DA-9993-C6106ABA102B}"
EndProject
Project("{9A19103F-16F7-4668-BE54-9A1E7A4F7556}") = "BlogClustering.WebApi", "BlogClustering.WebApi\BlogClustering.WebApi.csproj", "{25C3DFBF-E7E2-4D28-9AF8-5D03A6FE1E34}"
EndProject
Project("{9A19103F-16F7-4668-BE54-9A1E7A4F7556}") = "BlogClustering.Entities", "BlogClustering.Entities\BlogClustering.Entities.csproj", "{84212514-6496-4AE6-BB3F-7C25F9478CDF}"
EndProject
Project("{9A19103F-16F7-4668-BE54-9A1E7A4F7556}") = "BlogClustering.Lib.Tests", "BlogClustering.Lib.Tests\BlogClustering.Lib.Tests.csproj", "{10FF75FA-9C9B-4344-819A-D4EE8CCFA498}"
EndProject
Global
	GlobalSection(SolutionConfigurationPlatforms) = preSolution
		Debug|Any CPU = Debug|Any CPU
		Release|Any CPU = Release|Any CPU
	EndGlobalSection
	GlobalSection(ProjectConfigurationPlatforms) = postSolution
		{92588150-65F7-441B-B2EC-B6AF34B2C770}.Debug|Any CPU.ActiveCfg = Debug|Any CPU
		{92588150-65F7-441B-B2EC-B6AF34B2C770}.Debug|Any CPU.Build.0 = Debug|Any CPU
		{92588150-65F7-441B-B2EC-B6AF34B2C770}.Release|Any CPU.ActiveCfg = Release|Any CPU
		{92588150-65F7-441B-B2EC-B6AF34B2C770}.Release|Any CPU.Build.0 = Release|Any CPU
		{AA5CB68B-6472-43DA-9993-C6106ABA102B}.Debug|Any CPU.ActiveCfg = Debug|Any CPU
		{AA5CB68B-6472-43DA-9993-C6106ABA102B}.Debug|Any CPU.Build.0 = Debug|Any CPU
		{AA5CB68B-6472-43DA-9993-C6106ABA102B}.Release|Any CPU.ActiveCfg = Release|Any CPU
		{AA5CB68B-6472-43DA-9993-C6106ABA102B}.Release|Any CPU.Build.0 = Release|Any CPU
		{25C3DFBF-E7E2-4D28-9AF8-5D03A6FE1E34}.Debug|Any CPU.ActiveCfg = Debug|Any CPU
		{25C3DFBF-E7E2-4D28-9AF8-5D03A6FE1E34}.Debug|Any CPU.Build.0 = Debug|Any CPU
		{25C3DFBF-E7E2-4D28-9AF8-5D03A6FE1E34}.Release|Any CPU.ActiveCfg = Release|Any CPU
		{25C3DFBF-E7E2-4D28-9AF8-5D03A6FE1E34}.Release|Any CPU.Build.0 = Release|Any CPU
		{84212514-6496-4AE6-BB3F-7C25F9478CDF}.Debug|Any CPU.ActiveCfg = Debug|Any CPU
		{84212514-6496-4AE6-BB3F-7C25F9478CDF}.Debug|Any CPU.Build.0 = Debug|Any CPU
		{84212514-6496-4AE6-BB3F-7C25F9478CDF}.Release|Any CPU.ActiveCfg = Release|Any CPU
		{84212514-6496-4AE6-BB3F-7C25F9478CDF}.Release|Any CPU.Build.0 = Release|Any CPU
		{10FF75FA-9C9B-4344-819A-D4EE8CCFA498}.Debug|Any CPU.ActiveCfg = Debug|Any CPU
		{10FF75FA-9C9B-4344-819A-D4EE8CCFA498}.Debug|Any CPU.Build.0 = Debug|Any CPU
		{10FF75FA-9C9B-4344-819A-D4EE8CCFA498}.Release|Any CPU.ActiveCfg = Release|Any CPU
		{10FF75FA-9C9B-4344-819A-D4EE8CCFA498}.Release|Any CPU.Build.0 = Release|Any CPU
	EndGlobalSection
	GlobalSection(SolutionProperties) = preSolution
		HideSolutionNode = FALSE
	EndGlobalSection
	GlobalSection(ExtensibilityGlobals) = postSolution
		SolutionGuid = {5CBBC63D-8351-41BE-9EFC-1CECCF38AF5D}
	EndGlobalSection
EndGlobal
